
Microsoft Visual Studio Solution File, Format Version 12.00
# Visual Studio Version 16
VisualStudioVersion = 16.0.30621.155
MinimumVisualStudioVersion = 15.0.26124.0
Project("{2150E333-8FDC-42A3-9474-1A3956D46DE8}") = "src", "src", "{AD310052-7D24-43F6-89A4-FFC1C41B4E40}"
EndProject
Project("{9A19103F-16F7-4668-BE54-9A1E7A4F7556}") = "ServiceBusDuplicateDetection.Console", "src\ServiceBusDuplicateDetection.Console\ServiceBusDuplicateDetection.Console.csproj", "{62E0EC68-007F-420F-B9A7-ECDE70A91D7C}"
EndProject
Project("{9A19103F-16F7-4668-BE54-9A1E7A4F7556}") = "ServiceBusDuplicateDetection.Provisioning", "provisioning\ServiceBusDuplicateDetection.Provisioning.csproj", "{4E8697A4-B5A1-4D3D-8E79-F0CED16BD54A}"
EndProject
Project("{2150E333-8FDC-42A3-9474-1A3956D46DE8}") = "provisioning", "provisioning", "{D48D852A-5BCF-4213-A5CE-450D411102C3}"
EndProject
Global
	GlobalSection(SolutionConfigurationPlatforms) = preSolution
		Debug|Any CPU = Debug|Any CPU
		Debug|x64 = Debug|x64
		Debug|x86 = Debug|x86
		Release|Any CPU = Release|Any CPU
		Release|x64 = Release|x64
		Release|x86 = Release|x86
	EndGlobalSection
	GlobalSection(ProjectConfigurationPlatforms) = postSolution
		{62E0EC68-007F-420F-B9A7-ECDE70A91D7C}.Debug|Any CPU.ActiveCfg = Debug|Any CPU
		{62E0EC68-007F-420F-B9A7-ECDE70A91D7C}.Debug|Any CPU.Build.0 = Debug|Any CPU
		{62E0EC68-007F-420F-B9A7-ECDE70A91D7C}.Debug|x64.ActiveCfg = Debug|Any CPU
		{62E0EC68-007F-420F-B9A7-ECDE70A91D7C}.Debug|x64.Build.0 = Debug|Any CPU
		{62E0EC68-007F-420F-B9A7-ECDE70A91D7C}.Debug|x86.ActiveCfg = Debug|Any CPU
		{62E0EC68-007F-420F-B9A7-ECDE70A91D7C}.Debug|x86.Build.0 = Debug|Any CPU
		{62E0EC68-007F-420F-B9A7-ECDE70A91D7C}.Release|Any CPU.ActiveCfg = Release|Any CPU
		{62E0EC68-007F-420F-B9A7-ECDE70A91D7C}.Release|Any CPU.Build.0 = Release|Any CPU
		{62E0EC68-007F-420F-B9A7-ECDE70A91D7C}.Release|x64.ActiveCfg = Release|Any CPU
		{62E0EC68-007F-420F-B9A7-ECDE70A91D7C}.Release|x64.Build.0 = Release|Any CPU
		{62E0EC68-007F-420F-B9A7-ECDE70A91D7C}.Release|x86.ActiveCfg = Release|Any CPU
		{62E0EC68-007F-420F-B9A7-ECDE70A91D7C}.Release|x86.Build.0 = Release|Any CPU
		{4E8697A4-B5A1-4D3D-8E79-F0CED16BD54A}.Debug|Any CPU.ActiveCfg = Debug|Any CPU
		{4E8697A4-B5A1-4D3D-8E79-F0CED16BD54A}.Debug|Any CPU.Build.0 = Debug|Any CPU
		{4E8697A4-B5A1-4D3D-8E79-F0CED16BD54A}.Debug|x64.ActiveCfg = Debug|Any CPU
		{4E8697A4-B5A1-4D3D-8E79-F0CED16BD54A}.Debug|x64.Build.0 = Debug|Any CPU
		{4E8697A4-B5A1-4D3D-8E79-F0CED16BD54A}.Debug|x86.ActiveCfg = Debug|Any CPU
		{4E8697A4-B5A1-4D3D-8E79-F0CED16BD54A}.Debug|x86.Build.0 = Debug|Any CPU
		{4E8697A4-B5A1-4D3D-8E79-F0CED16BD54A}.Release|Any CPU.ActiveCfg = Release|Any CPU
		{4E8697A4-B5A1-4D3D-8E79-F0CED16BD54A}.Release|Any CPU.Build.0 = Release|Any CPU
		{4E8697A4-B5A1-4D3D-8E79-F0CED16BD54A}.Release|x64.ActiveCfg = Release|Any CPU
		{4E8697A4-B5A1-4D3D-8E79-F0CED16BD54A}.Release|x64.Build.0 = Release|Any CPU
		{4E8697A4-B5A1-4D3D-8E79-F0CED16BD54A}.Release|x86.ActiveCfg = Release|Any CPU
		{4E8697A4-B5A1-4D3D-8E79-F0CED16BD54A}.Release|x86.Build.0 = Release|Any CPU
	EndGlobalSection
	GlobalSection(SolutionProperties) = preSolution
		HideSolutionNode = FALSE
	EndGlobalSection
	GlobalSection(NestedProjects) = preSolution
		{62E0EC68-007F-420F-B9A7-ECDE70A91D7C} = {AD310052-7D24-43F6-89A4-FFC1C41B4E40}
		{4E8697A4-B5A1-4D3D-8E79-F0CED16BD54A} = {D48D852A-5BCF-4213-A5CE-450D411102C3}
	EndGlobalSection
	GlobalSection(ExtensibilityGlobals) = postSolution
		SolutionGuid = {63FA6E21-FB54-48EC-A383-065A39EC3C6B}
	EndGlobalSection
EndGlobal
